
Microsoft Visual Studio Solution File, Format Version 12.00
# Visual Studio Version 17
VisualStudioVersion = 17.7.34031.279
MinimumVisualStudioVersion = 10.0.40219.1
Project("{8BC9CEB8-8B4A-11D0-8D11-00A0C91BC942}") = "circle", "circle\circle.vcxproj", "{9AAF7BEE-B2D3-4BF2-ACFC-694070FD6B7E}"
EndProject
Global
	GlobalSection(SolutionConfigurationPlatforms) = preSolution
		Debug|x64 = Debug|x64
		Debug|x86 = Debug|x86
		Release|x64 = Release|x64
		Release|x86 = Release|x86
	EndGlobalSection
	GlobalSection(ProjectConfigurationPlatforms) = postSolution
		{9AAF7BEE-B2D3-4BF2-ACFC-694070FD6B7E}.Debug|x64.ActiveCfg = Debug|x64
		{9AAF7BEE-B2D3-4BF2-ACFC-694070FD6B7E}.Debug|x64.Build.0 = Debug|x64
		{9AAF7BEE-B2D3-4BF2-ACFC-694070FD6B7E}.Debug|x86.ActiveCfg = Debug|Win32
		{9AAF7BEE-B2D3-4BF2-ACFC-694070FD6B7E}.Debug|x86.Build.0 = Debug|Win32
		{9AAF7BEE-B2D3-4BF2-ACFC-694070FD6B7E}.Release|x64.ActiveCfg = Release|x64
		{9AAF7BEE-B2D3-4BF2-ACFC-694070FD6B7E}.Release|x64.Build.0 = Release|x64
		{9AAF7BEE-B2D3-4BF2-ACFC-694070FD6B7E}.Release|x86.ActiveCfg = Release|Win32
		{9AAF7BEE-B2D3-4BF2-ACFC-694070FD6B7E}.Release|x86.Build.0 = Release|Win32
	EndGlobalSection
	GlobalSection(SolutionProperties) = preSolution
		HideSolutionNode = FALSE
	EndGlobalSection
	GlobalSection(ExtensibilityGlobals) = postSolution
		SolutionGuid = {8B26DFA1-3C3E-4A15-BDDB-2D6EAD20DCCC}
	EndGlobalSection
EndGlobal
